Microsoft Visual Studio Solution File, Format Version 12.00
# Visual Studio 2012
Project("{FAE04EC0-301F-11D3-BF4B-00C04F79EFBC}") = "ShrinkFrameworkGodotSharp", "ShrinkFrameworkGodotSharp.csproj", "{B5AEA43F-F08C-4CD5-B045-20F56637EEF1}"
EndProject
Project("{FAE04EC0-301F-11D3-BF4B-00C04F79EFBC}") = "CommonSDK", "CommonSDK\CommonSDK.csproj", "{FE4F7D67-69D8-4D31-AE02-3587CF06AFF1}"
EndProject
Project("{FAE04EC0-301F-11D3-BF4B-00C04F79EFBC}") = "MyMod", "MyMod\MyMod.csproj", "{05546559-160A-49CE-87E4-7CD0D9C68153}"
EndProject
Global
	GlobalSection(SolutionConfigurationPlatforms) = preSolution
	Debug|Any CPU = Debug|Any CPU
	ExportDebug|Any CPU = ExportDebug|Any CPU
	ExportRelease|Any CPU = ExportRelease|Any CPU
	EndGlobalSection
	GlobalSection(ProjectConfigurationPlatforms) = postSolution
		{B5AEA43F-F08C-4CD5-B045-20F56637EEF1}.Debug|Any CPU.ActiveCfg = Debug|Any CPU
		{B5AEA43F-F08C-4CD5-B045-20F56637EEF1}.Debug|Any CPU.Build.0 = Debug|Any CPU
		{B5AEA43F-F08C-4CD5-B045-20F56637EEF1}.ExportDebug|Any CPU.ActiveCfg = ExportDebug|Any CPU
		{B5AEA43F-F08C-4CD5-B045-20F56637EEF1}.ExportDebug|Any CPU.Build.0 = ExportDebug|Any CPU
		{B5AEA43F-F08C-4CD5-B045-20F56637EEF1}.ExportRelease|Any CPU.ActiveCfg = ExportRelease|Any CPU
		{B5AEA43F-F08C-4CD5-B045-20F56637EEF1}.ExportRelease|Any CPU.Build.0 = ExportRelease|Any CPU
		{FE4F7D67-69D8-4D31-AE02-3587CF06AFF1}.Debug|Any CPU.ActiveCfg = Debug|Any CPU
		{FE4F7D67-69D8-4D31-AE02-3587CF06AFF1}.Debug|Any CPU.Build.0 = Debug|Any CPU
		{FE4F7D67-69D8-4D31-AE02-3587CF06AFF1}.ExportDebug|Any CPU.ActiveCfg = ExportDebug|Any CPU
		{FE4F7D67-69D8-4D31-AE02-3587CF06AFF1}.ExportDebug|Any CPU.Build.0 = ExportDebug|Any CPU
		{FE4F7D67-69D8-4D31-AE02-3587CF06AFF1}.ExportRelease|Any CPU.ActiveCfg = ExportRelease|Any CPU
		{FE4F7D67-69D8-4D31-AE02-3587CF06AFF1}.ExportRelease|Any CPU.Build.0 = ExportRelease|Any CPU
		{05546559-160A-49CE-87E4-7CD0D9C68153}.Debug|Any CPU.ActiveCfg = Debug|Any CPU
		{05546559-160A-49CE-87E4-7CD0D9C68153}.Debug|Any CPU.Build.0 = Debug|Any CPU
		{05546559-160A-49CE-87E4-7CD0D9C68153}.ExportDebug|Any CPU.ActiveCfg = ExportDebug|Any CPU
		{05546559-160A-49CE-87E4-7CD0D9C68153}.ExportDebug|Any CPU.Build.0 = ExportDebug|Any CPU
		{05546559-160A-49CE-87E4-7CD0D9C68153}.ExportRelease|Any CPU.ActiveCfg = ExportRelease|Any CPU
		{05546559-160A-49CE-87E4-7CD0D9C68153}.ExportRelease|Any CPU.Build.0 = ExportRelease|Any CPU
	EndGlobalSection
EndGlobal
